
Microsoft Visual Studio Solution File, Format Version 12.00
# Visual Studio Version 17
VisualStudioVersion = 17.2.32630.192
MinimumVisualStudioVersion = 10.0.40219.1
Project("{FAE04EC0-301F-11D3-BF4B-00C04F79EFBC}") = "KursWork", "KursWork\KursWork.csproj", "{357F81F5-424E-42A4-9EDF-99887BD4E799}"
EndProject
Global
	GlobalSection(SolutionConfigurationPlatforms) = preSolution
		Debug|Any CPU = Debug|Any CPU
		Release|Any CPU = Release|Any CPU
	EndGlobalSection
	GlobalSection(ProjectConfigurationPlatforms) = postSolution
		{357F81F5-424E-42A4-9EDF-99887BD4E799}.Debug|Any CPU.ActiveCfg = Debug|Any CPU
		{357F81F5-424E-42A4-9EDF-99887BD4E799}.Debug|Any CPU.Build.0 = Debug|Any CPU
		{357F81F5-424E-42A4-9EDF-99887BD4E799}.Release|Any CPU.ActiveCfg = Release|Any CPU
		{357F81F5-424E-42A4-9EDF-99887BD4E799}.Release|Any CPU.Build.0 = Release|Any CPU
	EndGlobalSection
	GlobalSection(SolutionProperties) = preSolution
		HideSolutionNode = FALSE
	EndGlobalSection
	GlobalSection(ExtensibilityGlobals) = postSolution
		SolutionGuid = {9D8EE902-0830-4888-BB02-1BD029AB41AE}
	EndGlobalSection
EndGlobal
